
Microsoft Visual Studio Solution File, Format Version 12.00
# Visual Studio Version 17
VisualStudioVersion = 17.0.31912.275
MinimumVisualStudioVersion = 10.0.40219.1
Project("{FAE04EC0-301F-11D3-BF4B-00C04F79EFBC}") = "TodoAppWithJwtRefreshToken", "TodoAppWithJwtRefreshToken.csproj", "{D9B7B750-F908-4AAA-8506-DF2C1D1D5DCF}"
EndProject
Global
	GlobalSection(SolutionConfigurationPlatforms) = preSolution
		Debug|Any CPU = Debug|Any CPU
		Release|Any CPU = Release|Any CPU
	EndGlobalSection
	GlobalSection(ProjectConfigurationPlatforms) = postSolution
		{D9B7B750-F908-4AAA-8506-DF2C1D1D5DCF}.Debug|Any CPU.ActiveCfg = Debug|Any CPU
		{D9B7B750-F908-4AAA-8506-DF2C1D1D5DCF}.Debug|Any CPU.Build.0 = Debug|Any CPU
		{D9B7B750-F908-4AAA-8506-DF2C1D1D5DCF}.Release|Any CPU.ActiveCfg = Release|Any CPU
		{D9B7B750-F908-4AAA-8506-DF2C1D1D5DCF}.Release|Any CPU.Build.0 = Release|Any CPU
	EndGlobalSection
	GlobalSection(SolutionProperties) = preSolution
		HideSolutionNode = FALSE
	EndGlobalSection
	GlobalSection(ExtensibilityGlobals) = postSolution
		SolutionGuid = {543658B6-850C-4A44-BB4B-282258056251}
	EndGlobalSection
EndGlobal
